// !$*UTF8*$!
{
	archiveVersion = 1;
	classes = {
	};
	objectVersion = 46;
	objects = {

/* Begin PBXBuildFile section */
		B56D7C4C1AC4CB1200306EC0 /* AppDelegate.swift in Sources */ = {isa = PBXBuildFile; fileRef = B56D7C4B1AC4CB1200306EC0 /* AppDelegate.swift */; };
		B56D7C4E1AC4CB1200306EC0 /* ViewController.swift in Sources */ = {isa = PBXBuildFile; fileRef = B56D7C4D1AC4CB1200306EC0 /* ViewController.swift */; };
		B56D7C511AC4CB1200306EC0 /* Main.storyboard in Resources */ = {isa = PBXBuildFile; fileRef = B56D7C4F1AC4CB1200306EC0 /* Main.storyboard */; };
		B56D7C531AC4CB1200306EC0 /* Images.xcassets in Resources */ = {isa = PBXBuildFile; fileRef = B56D7C521AC4CB1200306EC0 /* Images.xcassets */; };
		B56D7C561AC4CB1200306EC0 /* LaunchScreen.xib in Resources */ = {isa = PBXBuildFile; fileRef = B56D7C541AC4CB1200306EC0 /* LaunchScreen.xib */; };
		B56D7C621AC4CB1200306EC0 /* _SlotMachineTests.swift in Sources */ = {isa = PBXBuildFile; fileRef = B56D7C611AC4CB1200306EC0 /* _SlotMachineTests.swift */; };
		B56D7C6C1AC8634D00306EC0 /* Slot.swift in Sources */ = {isa = PBXBuildFile; fileRef = B56D7C6B1AC8634D00306EC0 /* Slot.swift */; };
		B56D7C6E1AC864D400306EC0 /* Factory.swift in Sources */ = {isa = PBXBuildFile; fileRef = B56D7C6D1AC864D400306EC0 /* Factory.swift */; };
		B5E5E32B1AD1A6AE00FBD5A6 /* SlotBrain.swift in Sources */ = {isa = PBXBuildFile; fileRef = B5E5E32A1AD1A6AE00FBD5A6 /* SlotBrain.swift */; };
/* End PBXBuildFile section */

/* Begin PBXContainerItemProxy section */
		B56D7C5C1AC4CB1200306EC0 /* PBXContainerItemProxy */ = {
			isa = PBXContainerItemProxy;
			containerPortal = B56D7C3E1AC4CB1200306EC0 /* Project object */;
			proxyType = 1;
			remoteGlobalIDString = B56D7C451AC4CB1200306EC0;
			remoteInfo = 2SlotMachine;
		};
/* End PBXContainerItemProxy section */

/* Begin PBXFileReference section */
		B56D7C461AC4CB1200306EC0 /* 2SlotMachine.app */ = {isa = PBXFileReference; explicitFileType = wrapper.application; includeInIndex = 0; path = 2SlotMachine.app; sourceTree = BUILT_PRODUCTS_DIR; };
		B56D7C4A1AC4CB1200306EC0 /* Info.plist */ = {isa = PBXFileReference; lastKnownFileType = text.plist.xml; path = Info.plist; sourceTree = "<group>"; };
		B56D7C4B1AC4CB1200306EC0 /* AppDelegate.swift */ = {isa = PBXFileReference; lastKnownFileType = sourcecode.swift; path = AppDelegate.swift; sourceTree = "<group>"; };
		B56D7C4D1AC4CB1200306EC0 /* ViewController.swift */ = {isa = PBXFileReference; lastKnownFileType = sourcecode.swift; path = ViewController.swift; sourceTree = "<group>"; };
		B56D7C501AC4CB1200306EC0 /* Base */ = {isa = PBXFileReference; lastKnownFileType = file.storyboard; name = Base; path = Base.lproj/Main.storyboard; sourceTree = "<group>"; };
		B56D7C521AC4CB1200306EC0 /* Images.xcassets */ = {isa = PBXFileReference; lastKnownFileType = folder.assetcatalog; path = Images.xcassets; sourceTree = "<group>"; };
		B56D7C551AC4CB1200306EC0 /* Base */ = {isa = PBXFileReference; lastKnownFileType = file.xib; name = Base; path = Base.lproj/LaunchScreen.xib; sourceTree = "<group>"; };
		B56D7C5B1AC4CB1200306EC0 /* 2SlotMachineTests.xctest */ = {isa = PBXFileReference; explicitFileType = wrapper.cfbundle; includeInIndex = 0; path = 2SlotMachineTests.xctest; sourceTree = BUILT_PRODUCTS_DIR; };
		B56D7C601AC4CB1200306EC0 /* Info.plist */ = {isa = PBXFileReference; lastKnownFileType = text.plist.xml; path = Info.plist; sourceTree = "<group>"; };
		B56D7C611AC4CB1200306EC0 /* _SlotMachineTests.swift */ = {isa = PBXFileReference; lastKnownFileType = sourcecode.swift; path = _SlotMachineTests.swift; sourceTree = "<group>"; };
		B56D7C6B1AC8634D00306EC0 /* Slot.swift */ = {isa = PBXFileReference; fileEncoding = 4; lastKnownFileType = sourcecode.swift; path = Slot.swift; sourceTree = "<group>"; };
		B56D7C6D1AC864D400306EC0 /* Factory.swift */ = {isa = PBXFileReference; fileEncoding = 4; lastKnownFileType = sourcecode.swift; path = Factory.swift; sourceTree = "<group>"; };
		B5E5E32A1AD1A6AE00FBD5A6 /* SlotBrain.swift */ = {isa = PBXFileReference; fileEncoding = 4; lastKnownFileType = sourcecode.swift; path = SlotBrain.swift; sourceTree = "<group>"; };
/* End PBXFileReference section */

/* Begin PBXFrameworksBuildPhase section */
		B56D7C431AC4CB1200306EC0 /* Frameworks */ = {
			isa = PBXFrameworksBuildPhase;
			buildActionMask = 2147483647;
			files = (
			);
			runOnlyForDeploymentPostprocessing = 0;
		};
		B56D7C581AC4CB1200306EC0 /* Frameworks */ = {
			isa = PBXFrameworksBuildPhase;
			buildActionMask = 2147483647;
			files = (
			);
			runOnlyForDeploymentPostprocessing = 0;
		};
/* End PBXFrameworksBuildPhase section */

/* Begin PBXGroup section */
		B56D7C3D1AC4CB1200306EC0 = {
			isa = PBXGroup;
			children = (
				B56D7C481AC4CB1200306EC0 /* 2SlotMachine */,
				B56D7C5E1AC4CB1200306EC0 /* 2SlotMachineTests */,
				B56D7C471AC4CB1200306EC0 /* Products */,
			);
			sourceTree = "<group>";
		};
		B56D7C471AC4CB1200306EC0 /* Products */ = {
			isa = PBXGroup;
			children = (
				B56D7C461AC4CB1200306EC0 /* 2SlotMachine.app */,
				B56D7C5B1AC4CB1200306EC0 /* 2SlotMachineTests.xctest */,
			);
			name = Products;
			sourceTree = "<group>";
		};
		B56D7C481AC4CB1200306EC0 /* 2SlotMachine */ = {
			isa = PBXGroup;
			children = (
				B56D7C4B1AC4CB1200306EC0 /* AppDelegate.swift */,
				B56D7C4D1AC4CB1200306EC0 /* ViewController.swift */,
				B5E5E32A1AD1A6AE00FBD5A6 /* SlotBrain.swift */,
				B56D7C6B1AC8634D00306EC0 /* Slot.swift */,
				B56D7C4F1AC4CB1200306EC0 /* Main.storyboard */,
				B56D7C521AC4CB1200306EC0 /* Images.xcassets */,
				B56D7C6D1AC864D400306EC0 /* Factory.swift */,
				B56D7C541AC4CB1200306EC0 /* LaunchScreen.xib */,
				B56D7C491AC4CB1200306EC0 /* Supporting Files */,
			);
			path = 2SlotMachine;
			sourceTree = "<group>";
		};
		B56D7C491AC4CB1200306EC0 /* Supporting Files */ = {
			isa = PBXGroup;
			children = (
				B56D7C4A1AC4CB1200306EC0 /* Info.plist */,
			);
			name = "Supporting Files";
			sourceTree = "<group>";
		};
		B56D7C5E1AC4CB1200306EC0 /* 2SlotMachineTests */ = {
			isa = PBXGroup;
			children = (
				B56D7C611AC4CB1200306EC0 /* _SlotMachineTests.swift */,
				B56D7C5F1AC4CB1200306EC0 /* Supporting Files */,
			);
			path = 2SlotMachineTests;
			sourceTree = "<group>";
		};
		B56D7C5F1AC4CB1200306EC0 /* Supporting Files */ = {
			isa = PBXGroup;
			children = (
				B56D7C601AC4CB1200306EC0 /* Info.plist */,
			);
			name = "Supporting Files";
			sourceTree = "<group>";
		};
/* End PBXGroup section */

/* Begin PBXNativeTarget section */
		B56D7C451AC4CB1200306EC0 /* 2SlotMachine */ = {
			isa = PBXNativeTarget;
			buildConfigurationList = B56D7C651AC4CB1200306EC0 /* Build configuration list for PBXNativeTarget "2SlotMachine" */;
			buildPhases = (
				B56D7C421AC4CB1200306EC0 /* Sources */,
				B56D7C431AC4CB1200306EC0 /* Frameworks */,
				B56D7C441AC4CB1200306EC0 /* Resources */,
			);
			buildRules = (
			);
			dependencies = (
			);
			name = 2SlotMachine;
			productName = 2SlotMachine;
			productReference = B56D7C461AC4CB1200306EC0 /* 2SlotMachine.app */;
			productType = "com.apple.product-type.application";
		};
		B56D7C5A1AC4CB1200306EC0 /* 2SlotMachineTests */ = {
			isa = PBXNativeTarget;
			buildConfigurationList = B56D7C681AC4CB1200306EC0 /* Build configuration list for PBXNativeTarget "2SlotMachineTests" */;
			buildPhases = (
				B56D7C571AC4CB1200306EC0 /* Sources */,
				B56D7C581AC4CB1200306EC0 /* Frameworks */,
				B56D7C591AC4CB1200306EC0 /* Resources */,
			);
			buildRules = (
			);
			dependencies = (
				B56D7C5D1AC4CB1200306EC0 /* PBXTargetDependency */,
			);
			name = 2SlotMachineTests;
			productName = 2SlotMachineTests;
			productReference = B56D7C5B1AC4CB1200306EC0 /* 2SlotMachineTests.xctest */;
			productType = "com.apple.product-type.bundle.unit-test";
		};
/* End PBXNativeTarget section */

/* Begin PBXProject section */
		B56D7C3E1AC4CB1200306EC0 /* Project object */ = {
			isa = PBXProject;
			attributes = {
				LastUpgradeCheck = 0630;
				ORGANIZATIONNAME = "Karolis Kolbus";
				TargetAttributes = {
					B56D7C451AC4CB1200306EC0 = {
						CreatedOnToolsVersion = 6.3;
					};
					B56D7C5A1AC4CB1200306EC0 = {
						CreatedOnToolsVersion = 6.3;
						TestTargetID = B56D7C451AC4CB1200306EC0;
					};
				};
			};
			buildConfigurationList = B56D7C411AC4CB1200306EC0 /* Build configuration list for PBXProject "2SlotMachine" */;
			compatibilityVersion = "Xcode 3.2";
			developmentRegion = English;
			hasScannedForEncodings = 0;
			knownRegions = (
				en,
				Base,
			);
			mainGroup = B56D7C3D1AC4CB1200306EC0;
			productRefGroup = B56D7C471AC4CB1200306EC0 /* Products */;
			projectDirPath = "";
			projectRoot = "";
			targets = (
				B56D7C451AC4CB1200306EC0 /* 2SlotMachine */,
				B56D7C5A1AC4CB1200306EC0 /* 2SlotMachineTests */,
			);
		};
/* End PBXProject section */

/* Begin PBXResourcesBuildPhase section */
		B56D7C441AC4CB1200306EC0 /* Resources */ = {
			isa = PBXResourcesBuildPhase;
			buildActionMask = 2147483647;
			files = (
				B56D7C511AC4CB1200306EC0 /* Main.storyboard in Resources */,
				B56D7C561AC4CB1200306EC0 /* LaunchScreen.xib in Resources */,
				B56D7C531AC4CB1200306EC0 /* Images.xcassets in Resources */,
			);
			runOnlyForDeploymentPostprocessing = 0;
		};
		B56D7C591AC4CB1200306EC0 /* Resources */ = {
			isa = PBXResourcesBuildPhase;
			buildActionMask = 2147483647;
			files = (
			);
			runOnlyForDeploymentPostprocessing = 0;
		};
/* End PBXResourcesBuildPhase section */

/* Begin PBXSourcesBuildPhase section */
		B56D7C421AC4CB1200306EC0 /* Sources */ = {
			isa = PBXSourcesBuildPhase;
			buildActionMask = 2147483647;
			files = (
				B56D7C6E1AC864D400306EC0 /* Factory.swift in Sources */,
				B56D7C4E1AC4CB1200306EC0 /* ViewController.swift in Sources */,
				B56D7C6C1AC8634D00306EC0 /* Slot.swift in Sources */,
				B56D7C4C1AC4CB1200306EC0 /* AppDelegate.swift in Sources */,
				B5E5E32B1AD1A6AE00FBD5A6 /* SlotBrain.swift in Sources */,
			);
			runOnlyForDeploymentPostprocessing = 0;
		};
		B56D7C571AC4CB1200306EC0 /* Sources */ = {
			isa = PBXSourcesBuildPhase;
			buildActionMask = 2147483647;
			files = (
				B56D7C621AC4CB1200306EC0 /* _SlotMachineTests.swift in Sources */,
			);
			runOnlyForDeploymentPostprocessing = 0;
		};
/* End PBXSourcesBuildPhase section */

/* Begin PBXTargetDependency section */
		B56D7C5D1AC4CB1200306EC0 /* PBXTargetDependency */ = {
			isa = PBXTargetDependency;
			target = B56D7C451AC4CB1200306EC0 /* 2SlotMachine */;
			targetProxy = B56D7C5C1AC4CB1200306EC0 /* PBXContainerItemProxy */;
		};
/* End PBXTargetDependency section */

/* Begin PBXVariantGroup section */
		B56D7C4F1AC4CB1200306EC0 /* Main.storyboard */ = {
			isa = PBXVariantGroup;
			children = (
				B56D7C501AC4CB1200306EC0 /* Base */,
			);
			name = Main.storyboard;
			sourceTree = "<group>";
		};
		B56D7C541AC4CB1200306EC0 /* LaunchScreen.xib */ = {
			isa = PBXVariantGroup;
			children = (
				B56D7C551AC4CB1200306EC0 /* Base */,
			);
			name = LaunchScreen.xib;
			sourceTree = "<group>";
		};
/* End PBXVariantGroup section */

/* Begin XCBuildConfiguration section */
		B56D7C631AC4CB1200306EC0 /* Debug */ = {
			isa = XCBuildConfiguration;
			buildSettings = {
				ALWAYS_SEARCH_USER_PATHS = NO;
				CLANG_CXX_LANGUAGE_STANDARD = "gnu++0x";
				CLANG_CXX_LIBRARY = "libc++";
				CLANG_ENABLE_MODULES = YES;
				CLANG_ENABLE_OBJC_ARC = YES;
				CLANG_WARN_BOOL_CONVERSION = YES;
				CLANG_WARN_CONSTANT_CONVERSION = YES;
				CLANG_WARN_DIRECT_OBJC_ISA_USAGE = YES_ERROR;
				CLANG_WARN_EMPTY_BODY = YES;
				CLANG_WARN_ENUM_CONVERSION = YES;
				CLANG_WARN_INT_CONVERSION = YES;
				CLANG_WARN_OBJC_ROOT_CLASS = YES_ERROR;
				CLANG_WARN_UNREACHABLE_CODE = YES;
				CLANG_WARN__DUPLICATE_METHOD_MATCH = YES;
				"CODE_SIGN_IDENTITY[sdk=iphoneos*]" = "iPhone Developer";
				COPY_PHASE_STRIP = NO;
				DEBUG_INFORMATION_FORMAT = dwarf;
				ENABLE_STRICT_OBJC_MSGSEND = YES;
				GCC_C_LANGUAGE_STANDARD = gnu99;
				GCC_DYNAMIC_NO_PIC = NO;
				GCC_NO_COMMON_BLOCKS = YES;
				GCC_OPTIMIZATION_LEVEL = 0;
				GCC_PREPROCESSOR_DEFINITIONS = (
					"DEBUG=1",
					"$(inherited)",
				);
				GCC_SYMBOLS_PRIVATE_EXTERN = NO;
				GCC_WARN_64_TO_32_BIT_CONVERSION = YES;
				GCC_WARN_ABOUT_RETURN_TYPE = YES_ERROR;
				GCC_WARN_UNDECLARED_SELECTOR = YES;
				GCC_WARN_UNINITIALIZED_AUTOS = YES_AGGRESSIVE;
				GCC_WARN_UNUSED_FUNCTION = YES;
				GCC_WARN_UNUSED_VARIABLE = YES;
				IPHONEOS_DEPLOYMENT_TARGET = 8.3;
				MTL_ENABLE_DEBUG_INFO = YES;
				ONLY_ACTIVE_ARCH = YES;
				SDKROOT = iphoneos;
				SWIFT_OPTIMIZATION_LEVEL = "-Onone";
				TARGETED_DEVICE_FAMILY = "1,2";
			};
			name = Debug;
		};
		B56D7C641AC4CB1200306EC0 /* Release */ = {
			isa = XCBuildConfiguration;
			buildSettings = {
				ALWAYS_SEARCH_USER_PATHS = NO;
				CLANG_CXX_LANGUAGE_STANDARD = "gnu++0x";
				CLANG_CXX_LIBRARY = "libc++";
				CLANG_ENABLE_MODULES = YES;
				CLANG_ENABLE_OBJC_ARC = YES;
				CLANG_WARN_BOOL_CONVERSION = YES;
				CLANG_WARN_CONSTANT_CONVERSION = YES;
				CLANG_WARN_DIRECT_OBJC_ISA_USAGE = YES_ERROR;
				CLANG_WARN_EMPTY_BODY = YES;
				CLANG_WARN_ENUM_CONVERSION = YES;
				CLANG_WARN_INT_CONVERSION = YES;
				CLANG_WARN_OBJC_ROOT_CLASS = YES_ERROR;
				CLANG_WARN_UNREACHABLE_CODE = YES;
				CLANG_WARN__DUPLICATE_METHOD_MATCH = YES;
				"CODE_SIGN_IDENTITY[sdk=iphoneos*]" = "iPhone Developer";
				COPY_PHASE_STRIP = NO;
				DEBUG_INFORMATION_FORMAT = "dwarf-with-dsym";
				ENABLE_NS_ASSERTIONS = NO;
				ENABLE_STRICT_OBJC_MSGSEND = YES;
				GCC_C_LANGUAGE_STANDARD = gnu99;
				GCC_NO_COMMON_BLOCKS = YES;
				GCC_WARN_64_TO_32_BIT_CONVERSION = YES;
				GCC_WARN_ABOUT_RETURN_TYPE = YES_ERROR;
				GCC_WARN_UNDECLARED_SELECTOR = YES;
				GCC_WARN_UNINITIALIZED_AUTOS = YES_AGGRESSIVE;
				GCC_WARN_UNUSED_FUNCTION = YES;
				GCC_WARN_UNUSED_VARIABLE = YES;
				IPHONEOS_DEPLOYMENT_TARGET = 8.3;
				MTL_ENABLE_DEBUG_INFO = NO;
				SDKROOT = iphoneos;
				TARGETED_DEVICE_FAMILY = "1,2";
				VALIDATE_PRODUCT = YES;
			};
			name = Release;
		};
		B56D7C661AC4CB1200306EC0 /* Debug */ = {
			isa = XCBuildConfiguration;
			buildSettings = {
				ASSETCATALOG_COMPILER_APPICON_NAME = AppIcon;
				INFOPLIST_FILE = 2SlotMachine/Info.plist;
				LD_RUNPATH_SEARCH_PATHS = "$(inherited) @executable_path/Frameworks";
				PRODUCT_NAME = "$(TARGET_NAME)";
			};
			name = Debug;
		};
		B56D7C671AC4CB1200306EC0 /* Release */ = {
			isa = XCBuildConfiguration;
			buildSettings = {
				ASSETCATALOG_COMPILER_APPICON_NAME = AppIcon;
				INFOPLIST_FILE = 2SlotMachine/Info.plist;
				LD_RUNPATH_SEARCH_PATHS = "$(inherited) @executable_path/Frameworks";
				PRODUCT_NAME = "$(TARGET_NAME)";
			};
			name = Release;
		};
		B56D7C691AC4CB1200306EC0 /* Debug */ = {
			isa = XCBuildConfiguration;
			buildSettings = {
				BUNDLE_LOADER = "$(TEST_HOST)";
				FRAMEWORK_SEARCH_PATHS = (
					"$(SDKROOT)/Developer/Library/Frameworks",
					"$(inherited)",
				);
				GCC_PREPROCESSOR_DEFINITIONS = (
					"DEBUG=1",
					"$(inherited)",
				);
				INFOPLIST_FILE = 2SlotMachineTests/Info.plist;
				LD_RUNPATH_SEARCH_PATHS = "$(inherited) @executable_path/Frameworks @loader_path/Frameworks";
				PRODUCT_NAME = "$(TARGET_NAME)";
				TEST_HOST = "$(BUILT_PRODUCTS_DIR)/2SlotMachine.app/2SlotMachine";
			};
			name = Debug;
		};
		B56D7C6A1AC4CB1200306EC0 /* Release */ = {
			isa = XCBuildConfiguration;
			buildSettings = {
				BUNDLE_LOADER = "$(TEST_HOST)";
				FRAMEWORK_SEARCH_PATHS = (
					"$(SDKROOT)/Developer/Library/Frameworks",
					"$(inherited)",
				);
				INFOPLIST_FILE = 2SlotMachineTests/Info.plist;
				LD_RUNPATH_SEARCH_PATHS = "$(inherited) @executable_path/Frameworks @loader_path/Frameworks";
				PRODUCT_NAME = "$(TARGET_NAME)";
				TEST_HOST = "$(BUILT_PRODUCTS_DIR)/2SlotMachine.app/2SlotMachine";
			};
			name = Release;
		};
/* End XCBuildConfiguration section */

/* Begin XCConfigurationList section */
		B56D7C411AC4CB1200306EC0 /* Build configuration list for PBXProject "2SlotMachine" */ = {
			isa = XCConfigurationList;
			buildConfigurations = (
				B56D7C631AC4CB1200306EC0 /* Debug */,
				B56D7C641AC4CB1200306EC0 /* Release */,
			);
			defaultConfigurationIsVisible = 0;
			defaultConfigurationName = Release;
		};
		B56D7C651AC4CB1200306EC0 /* Build configuration list for PBXNativeTarget "2SlotMachine" */ = {
			isa = XCConfigurationList;
			buildConfigurations = (
				B56D7C661AC4CB1200306EC0 /* Debug */,
				B56D7C671AC4CB1200306EC0 /* Release */,
			);
			defaultConfigurationIsVisible = 0;
			defaultConfigurationName = Release;
		};
		B56D7C681AC4CB1200306EC0 /* Build configuration list for PBXNativeTarget "2SlotMachineTests" */ = {
			isa = XCConfigurationList;
			buildConfigurations = (
				B56D7C691AC4CB1200306EC0 /* Debug */,
				B56D7C6A1AC4CB1200306EC0 /* Release */,
			);
			defaultConfigurationIsVisible = 0;
			defaultConfigurationName = Release;
		};
/* End XCConfigurationList section */
	};
	rootObject = B56D7C3E1AC4CB1200306EC0 /* Project object */;
}
